{
  "name": "auto-merge-eip",
  "version": "1.0.0",
  "lockfileVersion": 1,
  "requires": true,
  "dependencies": {
    "@actions/core": {
      "version": "1.2.6",
      "resolved": "https://registry.npmjs.org/@actions/core/-/core-1.2.6.tgz",
      "integrity": "sha512-ZQYitnqiyBc3D+k7LsgSBmMDVkOVidaagDG7j3fOym77jNunWRuYx7VSHa9GNfFZh+zh61xsCjRj4JxMZlDqTA=="
    },
    "@actions/github": {
      "version": "4.0.0",
      "resolved": "https://registry.npmjs.org/@actions/github/-/github-4.0.0.tgz",
      "integrity": "sha512-Ej/Y2E+VV6sR9X7pWL5F3VgEWrABaT292DRqRU6R4hnQjPtC/zD3nagxVdXWiRQvYDh8kHXo7IDmG42eJ/dOMA==",
      "requires": {
        "@actions/http-client": "^1.0.8",
        "@octokit/core": "^3.0.0",
        "@octokit/plugin-paginate-rest": "^2.2.3",
        "@octokit/plugin-rest-endpoint-methods": "^4.0.0"
      }
    },
    "@actions/http-client": {
      "version": "1.0.9",
      "resolved": "https://registry.npmjs.org/@actions/http-client/-/http-client-1.0.9.tgz",
      "integrity": "sha512-0O4SsJ7q+MK0ycvXPl2e6bMXV7dxAXOGjrXS1eTF9s2S401Tp6c/P3c3Joz04QefC1J6Gt942Wl2jbm3f4mLcg==",
      "requires": {
        "tunnel": "0.0.6"
      }
    },
    "@nodelib/fs.scandir": {
      "version": "2.1.4",
      "resolved": "https://registry.npmjs.org/@nodelib/fs.scandir/-/fs.scandir-2.1.4.tgz",
      "integrity": "sha512-33g3pMJk3bg5nXbL/+CY6I2eJDzZAni49PfJnL5fghPTggPvBd/pFNSgJsdAgWptuFu7qq/ERvOYFlhvsLTCKA==",
      "requires": {
        "@nodelib/fs.stat": "2.0.4",
        "run-parallel": "^1.1.9"
      }
    },
    "@nodelib/fs.stat": {
      "version": "2.0.4",
      "resolved": "https://registry.npmjs.org/@nodelib/fs.stat/-/fs.stat-2.0.4.tgz",
      "integrity": "sha512-IYlHJA0clt2+Vg7bccq+TzRdJvv19c2INqBSsoOLp1je7xjtr7J26+WXR72MCdvU9q1qTzIWDfhMf+DRvQJK4Q=="
    },
    "@nodelib/fs.walk": {
      "version": "1.2.6",
      "resolved": "https://registry.npmjs.org/@nodelib/fs.walk/-/fs.walk-1.2.6.tgz",
      "integrity": "sha512-8Broas6vTtW4GIXTAHDoE32hnN2M5ykgCpWGbuXHQ15vEMqr23pB76e/GZcYsZCHALv50ktd24qhEyKr6wBtow==",
      "requires": {
        "@nodelib/fs.scandir": "2.1.4",
        "fastq": "^1.6.0"
      }
    },
    "@octokit/auth-token": {
      "version": "2.4.5",
      "resolved": "https://registry.npmjs.org/@octokit/auth-token/-/auth-token-2.4.5.tgz",
      "integrity": "sha512-BpGYsPgJt05M7/L/5FoE1PiAbdxXFZkX/3kDYcsvd1v6UhlnE5e96dTDr0ezX/EFwciQxf3cNV0loipsURU+WA==",
      "requires": {
        "@octokit/types": "^6.0.3"
      }
    },
    "@octokit/core": {
      "version": "3.2.5",
      "resolved": "https://registry.npmjs.org/@octokit/core/-/core-3.2.5.tgz",
      "integrity": "sha512-+DCtPykGnvXKWWQI0E1XD+CCeWSBhB6kwItXqfFmNBlIlhczuDPbg+P6BtLnVBaRJDAjv+1mrUJuRsFSjktopg==",
      "requires": {
        "@octokit/auth-token": "^2.4.4",
        "@octokit/graphql": "^4.5.8",
        "@octokit/request": "^5.4.12",
        "@octokit/types": "^6.0.3",
        "before-after-hook": "^2.1.0",
        "universal-user-agent": "^6.0.0"
      }
    },
    "@octokit/endpoint": {
      "version": "6.0.11",
      "resolved": "https://registry.npmjs.org/@octokit/endpoint/-/endpoint-6.0.11.tgz",
      "integrity": "sha512-fUIPpx+pZyoLW4GCs3yMnlj2LfoXTWDUVPTC4V3MUEKZm48W+XYpeWSZCv+vYF1ZABUm2CqnDVf1sFtIYrj7KQ==",
      "requires": {
        "@octokit/types": "^6.0.3",
        "is-plain-object": "^5.0.0",
        "universal-user-agent": "^6.0.0"
      }
    },
    "@octokit/graphql": {
      "version": "4.6.0",
      "resolved": "https://registry.npmjs.org/@octokit/graphql/-/graphql-4.6.0.tgz",
      "integrity": "sha512-CJ6n7izLFXLvPZaWzCQDjU/RP+vHiZmWdOunaCS87v+2jxMsW9FB5ktfIxybRBxZjxuJGRnxk7xJecWTVxFUYQ==",
      "requires": {
        "@octokit/request": "^5.3.0",
        "@octokit/types": "^6.0.3",
        "universal-user-agent": "^6.0.0"
      }
    },
    "@octokit/openapi-types": {
      "version": "4.0.1",
      "resolved": "https://registry.npmjs.org/@octokit/openapi-types/-/openapi-types-4.0.1.tgz",
      "integrity": "sha512-k2hRcfcLRyPJjtYfJLzg404n7HZ6sUpAWAR/uNI8tf96NgatWOpw1ocdF+WFfx/trO1ivBh7ckynO1rn+xAw/Q=="
    },
    "@octokit/plugin-paginate-rest": {
      "version": "2.9.1",
      "resolved": "https://registry.npmjs.org/@octokit/plugin-paginate-rest/-/plugin-paginate-rest-2.9.1.tgz",
      "integrity": "sha512-8wnuWGjwDIEobbBet2xAjZwgiMVTgIer5wBsnGXzV3lJ4yqphLU2FEMpkhSrDx7y+WkZDfZ+V+1cFMZ1mAaFag==",
      "requires": {
        "@octokit/types": "^6.8.0"
      }
    },
    "@octokit/plugin-rest-endpoint-methods": {
      "version": "4.10.1",
      "resolved": "https://registry.npmjs.org/@octokit/plugin-rest-endpoint-methods/-/plugin-rest-endpoint-methods-4.10.1.tgz",
      "integrity": "sha512-YGMiEidTORzgUmYZu0eH4q2k8kgQSHQMuBOBYiKxUYs/nXea4q/Ze6tDzjcRAPmHNJYXrENs1bEMlcdGKT+8ug==",
      "requires": {
        "@octokit/types": "^6.8.2",
        "deprecation": "^2.3.1"
      }
    },
    "@octokit/request": {
      "version": "5.4.14",
      "resolved": "https://registry.npmjs.org/@octokit/request/-/request-5.4.14.tgz",
      "integrity": "sha512-VkmtacOIQp9daSnBmDI92xNIeLuSRDOIuplp/CJomkvzt7M18NXgG044Cx/LFKLgjKt9T2tZR6AtJayba9GTSA==",
      "requires": {
        "@octokit/endpoint": "^6.0.1",
        "@octokit/request-error": "^2.0.0",
        "@octokit/types": "^6.7.1",
        "deprecation": "^2.0.0",
        "is-plain-object": "^5.0.0",
        "node-fetch": "^2.6.1",
        "once": "^1.4.0",
        "universal-user-agent": "^6.0.0"
      }
    },
    "@octokit/request-error": {
      "version": "2.0.5",
      "resolved": "https://registry.npmjs.org/@octokit/request-error/-/request-error-2.0.5.tgz",
      "integrity": "sha512-T/2wcCFyM7SkXzNoyVNWjyVlUwBvW3igM3Btr/eKYiPmucXTtkxt2RBsf6gn3LTzaLSLTQtNmvg+dGsOxQrjZg==",
      "requires": {
        "@octokit/types": "^6.0.3",
        "deprecation": "^2.0.0",
        "once": "^1.4.0"
      }
    },
    "@octokit/types": {
      "version": "6.8.2",
      "resolved": "https://registry.npmjs.org/@octokit/types/-/types-6.8.2.tgz",
      "integrity": "sha512-RpG0NJd7OKSkWptiFhy1xCLkThs5YoDIKM21lEtDmUvSpbaIEfrxzckWLUGDFfF8RydSyngo44gDv8m2hHruUg==",
      "requires": {
        "@octokit/openapi-types": "^4.0.0",
        "@types/node": ">= 8"
      }
    },
    "@types/node": {
      "version": "14.14.25",
      "resolved": "https://registry.npmjs.org/@types/node/-/node-14.14.25.tgz",
      "integrity": "sha512-EPpXLOVqDvisVxtlbvzfyqSsFeQxltFbluZNRndIb8tr9KiBnYNLzrc1N3pyKUCww2RNrfHDViqDWWE1LCJQtQ=="
    },
    "@types/node-fetch": {
      "version": "2.5.8",
      "resolved": "https://registry.npmjs.org/@types/node-fetch/-/node-fetch-2.5.8.tgz",
      "integrity": "sha512-fbjI6ja0N5ZA8TV53RUqzsKNkl9fv8Oj3T7zxW7FGv1GSH7gwJaNF8dzCjrqKaxKeUpTz4yT1DaJFq/omNpGfw==",
      "dev": true,
      "requires": {
        "@types/node": "*",
        "form-data": "^3.0.0"
      }
    },
    "@typescript-eslint/parser": {
      "version": "4.16.1",
      "resolved": "https://registry.npmjs.org/@typescript-eslint/parser/-/parser-4.16.1.tgz",
      "integrity": "sha512-/c0LEZcDL5y8RyI1zLcmZMvJrsR6SM1uetskFkoh3dvqDKVXPsXI+wFB/CbVw7WkEyyTKobC1mUNp/5y6gRvXg==",
      "requires": {
        "@typescript-eslint/scope-manager": "4.16.1",
        "@typescript-eslint/types": "4.16.1",
        "@typescript-eslint/typescript-estree": "4.16.1",
        "debug": "^4.1.1"
      }
    },
    "@typescript-eslint/scope-manager": {
      "version": "4.16.1",
      "resolved": "https://registry.npmjs.org/@typescript-eslint/scope-manager/-/scope-manager-4.16.1.tgz",
      "integrity": "sha512-6IlZv9JaurqV0jkEg923cV49aAn8V6+1H1DRfhRcvZUrptQ+UtSKHb5kwTayzOYTJJ/RsYZdcvhOEKiBLyc0Cw==",
      "requires": {
        "@typescript-eslint/types": "4.16.1",
        "@typescript-eslint/visitor-keys": "4.16.1"
      }
    },
    "@typescript-eslint/types": {
      "version": "4.16.1",
      "resolved": "https://registry.npmjs.org/@typescript-eslint/types/-/types-4.16.1.tgz",
      "integrity": "sha512-nnKqBwMgRlhzmJQF8tnFDZWfunXmJyuXj55xc8Kbfup4PbkzdoDXZvzN8//EiKR27J6vUSU8j4t37yUuYPiLqA=="
    },
    "@typescript-eslint/typescript-estree": {
      "version": "4.16.1",
      "resolved": "https://registry.npmjs.org/@typescript-eslint/typescript-estree/-/typescript-estree-4.16.1.tgz",
      "integrity": "sha512-m8I/DKHa8YbeHt31T+UGd/l8Kwr0XCTCZL3H4HMvvLCT7HU9V7yYdinTOv1gf/zfqNeDcCgaFH2BMsS8x6NvJg==",
      "requires": {
        "@typescript-eslint/types": "4.16.1",
        "@typescript-eslint/visitor-keys": "4.16.1",
        "debug": "^4.1.1",
        "globby": "^11.0.1",
        "is-glob": "^4.0.1",
        "semver": "^7.3.2",
        "tsutils": "^3.17.1"
      }
    },
    "@typescript-eslint/visitor-keys": {
      "version": "4.16.1",
      "resolved": "https://registry.npmjs.org/@typescript-eslint/visitor-keys/-/visitor-keys-4.16.1.tgz",
      "integrity": "sha512-s/aIP1XcMkEqCNcPQtl60ogUYjSM8FU2mq1O7y5cFf3Xcob1z1iXWNB6cC43Op+NGRTFgGolri6s8z/efA9i1w==",
      "requires": {
        "@typescript-eslint/types": "4.16.1",
        "eslint-visitor-keys": "^2.0.0"
      }
    },
    "@zeit/ncc": {
      "version": "0.22.3",
      "resolved": "https://registry.npmjs.org/@zeit/ncc/-/ncc-0.22.3.tgz",
      "integrity": "sha512-jnCLpLXWuw/PAiJiVbLjA8WBC0IJQbFeUwF4I9M+23MvIxTxk5pD4Q8byQBSPmHQjz5aBoA7AKAElQxMpjrCLQ=="
    },
    "argparse": {
      "version": "1.0.10",
      "resolved": "https://registry.npmjs.org/argparse/-/argparse-1.0.10.tgz",
      "integrity": "sha512-o5Roy6tNG4SL/FOkCAN6RzjiakZS25RLYFrcMttJqbdd8BWrnA+fGz57iN5Pb06pvBGvl5gQ0B48dJlslXvoTg==",
      "requires": {
        "sprintf-js": "~1.0.2"
      }
    },
    "array-union": {
      "version": "2.1.0",
      "resolved": "https://registry.npmjs.org/array-union/-/array-union-2.1.0.tgz",
      "integrity": "sha512-HGyxoOTYUyCM6stUe6EJgnd4EoewAI7zMdfqO+kGjnlZmBDz/cR5pf8r/cR4Wq60sL/p0IkcjUEEPwS3GFrIyw=="
    },
    "asynckit": {
      "version": "0.4.0",
      "resolved": "https://registry.npmjs.org/asynckit/-/asynckit-0.4.0.tgz",
      "integrity": "sha1-x57Zf380y48robyXkLzDZkdLS3k=",
      "dev": true
    },
    "before-after-hook": {
      "version": "2.1.1",
      "resolved": "https://registry.npmjs.org/before-after-hook/-/before-after-hook-2.1.1.tgz",
      "integrity": "sha512-5ekuQOvO04MDj7kYZJaMab2S8SPjGJbotVNyv7QYFCOAwrGZs/YnoDNlh1U+m5hl7H2D/+n0taaAV/tfyd3KMA=="
    },
    "braces": {
      "version": "3.0.2",
      "resolved": "https://registry.npmjs.org/braces/-/braces-3.0.2.tgz",
      "integrity": "sha512-b8um+L1RzM3WDSzvhm6gIz1yfTbBt6YTlcEKAvsmqCZZFw46z626lVj9j1yEPW33H5H+lBQpZMP1k8l+78Ha0A==",
      "requires": {
        "fill-range": "^7.0.1"
      }
    },
    "combined-stream": {
      "version": "1.0.8",
      "resolved": "https://registry.npmjs.org/combined-stream/-/combined-stream-1.0.8.tgz",
      "integrity": "sha512-FQN4MRfuJeHf7cBbBMJFXhKSDq+2kAArBlmRBvcvFE5BB1HZKXtSFASDhdlz9zOYwxh8lDdnvmMOe/+5cdoEdg==",
      "dev": true,
      "requires": {
        "delayed-stream": "~1.0.0"
      }
    },
    "debug": {
      "version": "4.3.1",
      "resolved": "https://registry.npmjs.org/debug/-/debug-4.3.1.tgz",
      "integrity": "sha512-doEwdvm4PCeK4K3RQN2ZC2BYUBaxwLARCqZmMjtF8a51J2Rb0xpVloFRnCODwqjpwnAoao4pelN8l3RJdv3gRQ==",
      "requires": {
        "ms": "2.1.2"
      }
    },
    "delayed-stream": {
      "version": "1.0.0",
      "resolved": "https://registry.npmjs.org/delayed-stream/-/delayed-stream-1.0.0.tgz",
      "integrity": "sha1-3zrhmayt+31ECqrgsp4icrJOxhk=",
      "dev": true
    },
    "deprecation": {
      "version": "2.3.1",
      "resolved": "https://registry.npmjs.org/deprecation/-/deprecation-2.3.1.tgz",
      "integrity": "sha512-xmHIy4F3scKVwMsQ4WnVaS8bHOx0DmVwRywosKhaILI0ywMDWPtBSku2HNxRvF7jtwDRsoEwYQSfbxj8b7RlJQ=="
    },
    "dir-glob": {
      "version": "3.0.1",
      "resolved": "https://registry.npmjs.org/dir-glob/-/dir-glob-3.0.1.tgz",
      "integrity": "sha512-WkrWp9GR4KXfKGYzOLmTuGVi1UWFfws377n9cc55/tb6DuqyF6pcQ5AbiHEshaDpY9v6oaSr2XCDidGmMwdzIA==",
      "requires": {
        "path-type": "^4.0.0"
      }
    },
    "dotenv": {
      "version": "8.2.0",
      "resolved": "https://registry.npmjs.org/dotenv/-/dotenv-8.2.0.tgz",
      "integrity": "sha512-8sJ78ElpbDJBHNeBzUbUVLsqKdccaa/BXF1uPTw3GrvQTBgrQrtObr2mUrE38vzYd8cEv+m/JBfDLioYcfXoaw=="
    },
    "eslint-visitor-keys": {
      "version": "2.0.0",
      "resolved": "https://registry.npmjs.org/eslint-visitor-keys/-/eslint-visitor-keys-2.0.0.tgz",
      "integrity": "sha512-QudtT6av5WXels9WjIM7qz1XD1cWGvX4gGXvp/zBn9nXG02D0utdU3Em2m/QjTnrsk6bBjmCygl3rmj118msQQ=="
    },
    "esprima": {
      "version": "4.0.1",
      "resolved": "https://registry.npmjs.org/esprima/-/esprima-4.0.1.tgz",
      "integrity": "sha512-eGuFFw7Upda+g4p+QHvnW0RyTX/SVeJBDM/gCtMARO0cLuT2HcEKnTPvhjV6aGeqrCB/sbNop0Kszm0jsaWU4A=="
    },
    "fast-glob": {
      "version": "3.2.5",
      "resolved": "https://registry.npmjs.org/fast-glob/-/fast-glob-3.2.5.tgz",
      "integrity": "sha512-2DtFcgT68wiTTiwZ2hNdJfcHNke9XOfnwmBRWXhmeKM8rF0TGwmC/Qto3S7RoZKp5cilZbxzO5iTNTQsJ+EeDg==",
      "requires": {
        "@nodelib/fs.stat": "^2.0.2",
        "@nodelib/fs.walk": "^1.2.3",
        "glob-parent": "^5.1.0",
        "merge2": "^1.3.0",
        "micromatch": "^4.0.2",
        "picomatch": "^2.2.1"
      }
    },
    "fastq": {
      "version": "1.11.0",
      "resolved": "https://registry.npmjs.org/fastq/-/fastq-1.11.0.tgz",
      "integrity": "sha512-7Eczs8gIPDrVzT+EksYBcupqMyxSHXXrHOLRRxU2/DicV8789MRBRR8+Hc2uWzUupOs4YS4JzBmBxjjCVBxD/g==",
      "requires": {
        "reusify": "^1.0.4"
      }
    },
    "fill-range": {
      "version": "7.0.1",
      "resolved": "https://registry.npmjs.org/fill-range/-/fill-range-7.0.1.tgz",
      "integrity": "sha512-qOo9F+dMUmC2Lcb4BbVvnKJxTPjCm+RRpe4gDuGrzkL7mEVl/djYSu2OdQ2Pa302N4oqkSg9ir6jaLWJ2USVpQ==",
      "requires": {
        "to-regex-range": "^5.0.1"
      }
    },
    "form-data": {
      "version": "3.0.1",
      "resolved": "https://registry.npmjs.org/form-data/-/form-data-3.0.1.tgz",
      "integrity": "sha512-RHkBKtLWUVwd7SqRIvCZMEvAMoGUp0XU+seQiZejj0COz3RI3hWP4sCv3gZWWLjJTd7rGwcsF5eKZGii0r/hbg==",
      "dev": true,
      "requires": {
        "asynckit": "^0.4.0",
        "combined-stream": "^1.0.8",
        "mime-types": "^2.1.12"
      }
    },
    "front-matter": {
      "version": "4.0.2",
      "resolved": "https://registry.npmjs.org/front-matter/-/front-matter-4.0.2.tgz",
      "integrity": "sha512-I8ZuJ/qG92NWX8i5x1Y8qyj3vizhXS31OxjKDu3LKP+7/qBgfIKValiZIEwoVoJKUHlhWtYrktkxV1XsX+pPlg==",
      "requires": {
        "js-yaml": "^3.13.1"
      }
    },
    "git-format-staged": {
      "version": "2.1.1",
      "resolved": "https://registry.npmjs.org/git-format-staged/-/git-format-staged-2.1.1.tgz",
      "integrity": "sha512-Db4QiAymao9BfpTBCdEcF53jBZfKuwIigqhNmtODD+KOKbxrdDVMDeAs+P7eqJl9udlBZejhRKRbyFRtKLbVmA==",
      "dev": true
    },
    "glob-parent": {
      "version": "5.1.1",
      "resolved": "https://registry.npmjs.org/glob-parent/-/glob-parent-5.1.1.tgz",
      "integrity": "sha512-FnI+VGOpnlGHWZxthPGR+QhR78fuiK0sNLkHQv+bL9fQi57lNNdquIbna/WrfROrolq8GK5Ek6BiMwqL/voRYQ==",
      "requires": {
        "is-glob": "^4.0.1"
      }
    },
    "globby": {
      "version": "11.0.2",
      "resolved": "https://registry.npmjs.org/globby/-/globby-11.0.2.tgz",
      "integrity": "sha512-2ZThXDvvV8fYFRVIxnrMQBipZQDr7MxKAmQK1vujaj9/7eF0efG7BPUKJ7jP7G5SLF37xKDXvO4S/KKLj/Z0og==",
      "requires": {
        "array-union": "^2.1.0",
        "dir-glob": "^3.0.1",
        "fast-glob": "^3.1.1",
        "ignore": "^5.1.4",
        "merge2": "^1.3.0",
        "slash": "^3.0.0"
      },
      "dependencies": {
        "ignore": {
          "version": "5.1.8",
          "resolved": "https://registry.npmjs.org/ignore/-/ignore-5.1.8.tgz",
          "integrity": "sha512-BMpfD7PpiETpBl/A6S498BaIJ6Y/ABT93ETbby2fP00v4EbvPBXWEoaR1UBPKs3iR53pJY7EtZk5KACI57i1Uw=="
        }
      }
    },
    "husky": {
      "version": "5.1.3",
      "resolved": "https://registry.npmjs.org/husky/-/husky-5.1.3.tgz",
      "integrity": "sha512-fbNJ+Gz5wx2LIBtMweJNY1D7Uc8p1XERi5KNRMccwfQA+rXlxWNSdUxswo0gT8XqxywTIw7Ywm/F4v/O35RdMg==",
      "dev": true
    },
    "is-extglob": {
      "version": "2.1.1",
      "resolved": "https://registry.npmjs.org/is-extglob/-/is-extglob-2.1.1.tgz",
      "integrity": "sha1-qIwCU1eR8C7TfHahueqXc8gz+MI="
    },
    "is-glob": {
      "version": "4.0.1",
      "resolved": "https://registry.npmjs.org/is-glob/-/is-glob-4.0.1.tgz",
      "integrity": "sha512-5G0tKtBTFImOqDnLB2hG6Bp2qcKEFduo4tZu9MT/H6NQv/ghhy30o55ufafxJ/LdH79LLs2Kfrn85TLKyA7BUg==",
      "requires": {
        "is-extglob": "^2.1.1"
      }
    },
    "is-number": {
      "version": "7.0.0",
      "resolved": "https://registry.npmjs.org/is-number/-/is-number-7.0.0.tgz",
      "integrity": "sha512-41Cifkg6e8TylSpdtTpeLVMqvSBEVzTttHvERD741+pnZ8ANv0004MRL43QKPDlK9cGvNp6NZWZUBlbGXYxxng=="
    },
    "is-plain-object": {
      "version": "5.0.0",
      "resolved": "https://registry.npmjs.org/is-plain-object/-/is-plain-object-5.0.0.tgz",
      "integrity": "sha512-VRSzKkbMm5jMDoKLbltAkFQ5Qr7VDiTFGXxYFXXowVj387GeGNOCsOH6Msy00SGZ3Fp84b1Naa1psqgcCIEP5Q=="
    },
    "js-yaml": {
      "version": "3.14.1",
      "resolved": "https://registry.npmjs.org/js-yaml/-/js-yaml-3.14.1.tgz",
      "integrity": "sha512-okMH7OXXJ7YrN9Ok3/SXrnu4iX9yOk+25nqX4imS2npuvTYDmo/QEZoqwZkYaIDk3jVvBOTOIEgEhaLOynBS9g==",
      "requires": {
        "argparse": "^1.0.7",
        "esprima": "^4.0.0"
      }
    },
    "lru-cache": {
      "version": "6.0.0",
      "resolved": "https://registry.npmjs.org/lru-cache/-/lru-cache-6.0.0.tgz",
      "integrity": "sha512-Jo6dJ04CmSjuznwJSS3pUeWmd/H0ffTlkXXgwZi+eq1UCmqQwCh+eLsYOYCwY991i2Fah4h1BEMCx4qThGbsiA==",
      "requires": {
        "yallist": "^4.0.0"
      }
    },
    "merge2": {
      "version": "1.4.1",
      "resolved": "https://registry.npmjs.org/merge2/-/merge2-1.4.1.tgz",
      "integrity": "sha512-8q7VEgMJW4J8tcfVPy8g09NcQwZdbwFEqhe/WZkoIzjn/3TGDwtOCYtXGxA3O8tPzpczCCDgv+P2P5y00ZJOOg=="
    },
    "micromatch": {
      "version": "4.0.2",
      "resolved": "https://registry.npmjs.org/micromatch/-/micromatch-4.0.2.tgz",
      "integrity": "sha512-y7FpHSbMUMoyPbYUSzO6PaZ6FyRnQOpHuKwbo1G+Knck95XVU4QAiKdGEnj5wwoS7PlOgthX/09u5iFJ+aYf5Q==",
      "requires": {
        "braces": "^3.0.1",
        "picomatch": "^2.0.5"
      }
    },
    "mime-db": {
      "version": "1.46.0",
      "resolved": "https://registry.npmjs.org/mime-db/-/mime-db-1.46.0.tgz",
      "integrity": "sha512-svXaP8UQRZ5K7or+ZmfNhg2xX3yKDMUzqadsSqi4NCH/KomcH75MAMYAGVlvXn4+b/xOPhS3I2uHKRUzvjY7BQ==",
      "dev": true
    },
    "mime-types": {
      "version": "2.1.29",
      "resolved": "https://registry.npmjs.org/mime-types/-/mime-types-2.1.29.tgz",
      "integrity": "sha512-Y/jMt/S5sR9OaqteJtslsFZKWOIIqMACsJSiHghlCAyhf7jfVYjKBmLiX8OgpWeW+fjJ2b+Az69aPFPkUOY6xQ==",
      "dev": true,
      "requires": {
        "mime-db": "1.46.0"
      }
    },
    "ms": {
      "version": "2.1.2",
      "resolved": "https://registry.npmjs.org/ms/-/ms-2.1.2.tgz",
      "integrity": "sha512-sGkPx+VjMtmA6MX27oA4FBFELFCZZ4S4XqeGOXCv68tT+jb3vk/RyaKWP0PTKyWtmLSM0b+adUTEvbs1PEaH2w=="
    },
    "node-fetch": {
      "version": "2.6.1",
      "resolved": "https://registry.npmjs.org/node-fetch/-/node-fetch-2.6.1.tgz",
      "integrity": "sha512-V4aYg89jEoVRxRb2fJdAg8FHvI7cEyYdVAh94HH0UIK8oJxUfkjlDQN9RbMx+bEjP7+ggMiFRprSti032Oipxw=="
    },
    "once": {
      "version": "1.4.0",
      "resolved": "https://registry.npmjs.org/once/-/once-1.4.0.tgz",
      "integrity": "sha1-WDsap3WWHUsROsF9nFC6753Xa9E=",
      "requires": {
        "wrappy": "1"
      }
    },
    "path-type": {
      "version": "4.0.0",
      "resolved": "https://registry.npmjs.org/path-type/-/path-type-4.0.0.tgz",
      "integrity": "sha512-gDKb8aZMDeD/tZWs9P6+q0J9Mwkdl6xMV8TjnGP3qJVJ06bdMgkbBlLU8IdfOsIsFz2BW1rNVT3XuNEl8zPAvw=="
    },
    "picomatch": {
      "version": "2.2.2",
      "resolved": "https://registry.npmjs.org/picomatch/-/picomatch-2.2.2.tgz",
      "integrity": "sha512-q0M/9eZHzmr0AulXyPwNfZjtwZ/RBZlbN3K3CErVrk50T2ASYI7Bye0EvekFY3IP1Nt2DHu0re+V2ZHIpMkuWg=="
    },
    "queue-microtask": {
      "version": "1.2.2",
      "resolved": "https://registry.npmjs.org/queue-microtask/-/queue-microtask-1.2.2.tgz",
      "integrity": "sha512-dB15eXv3p2jDlbOiNLyMabYg1/sXvppd8DP2J3EOCQ0AkuSXCW2tP7mnVouVLJKgUMY6yP0kcQDVpLCN13h4Xg=="
    },
    "reusify": {
      "version": "1.0.4",
      "resolved": "https://registry.npmjs.org/reusify/-/reusify-1.0.4.tgz",
      "integrity": "sha512-U9nH88a3fc/ekCF1l0/UP1IosiuIjyTh7hBvXVMHYgVcfGvt897Xguj2UOLDeI5BG2m7/uwyaLVT6fbtCwTyzw=="
    },
    "run-parallel": {
      "version": "1.2.0",
      "resolved": "https://registry.npmjs.org/run-parallel/-/run-parallel-1.2.0.tgz",
      "integrity": "sha512-5l4VyZR86LZ/lDxZTR6jqL8AFE2S0IFLMP26AbjsLVADxHdhB/c0GUsH+y39UfCi3dzz8OlQuPmnaJOMoDHQBA==",
      "requires": {
        "queue-microtask": "^1.2.2"
      }
    },
    "semver": {
      "version": "7.3.4",
      "resolved": "https://registry.npmjs.org/semver/-/semver-7.3.4.tgz",
      "integrity": "sha512-tCfb2WLjqFAtXn4KEdxIhalnRtoKFN7nAwj0B3ZXCbQloV2tq5eDbcTmT68JJD3nRJq24/XgxtQKFIpQdtvmVw==",
      "requires": {
        "lru-cache": "^6.0.0"
      }
    },
    "slash": {
      "version": "3.0.0",
      "resolved": "https://registry.npmjs.org/slash/-/slash-3.0.0.tgz",
      "integrity": "sha512-g9Q1haeby36OSStwb4ntCGGGaKsaVSjQ68fBxoQcutl5fS1vuY18H3wSt3jFyFtrkx+Kz0V1G85A4MyAdDMi2Q=="
    },
    "sprintf-js": {
      "version": "1.0.3",
      "resolved": "https://registry.npmjs.org/sprintf-js/-/sprintf-js-1.0.3.tgz",
      "integrity": "sha1-BOaSb2YolTVPPdAVIDYzuFcpfiw="
    },
    "to-regex-range": {
      "version": "5.0.1",
      "resolved": "https://registry.npmjs.org/to-regex-range/-/to-regex-range-5.0.1.tgz",
      "integrity": "sha512-65P7iz6X5yEr1cwcgvQxbbIw7Uk3gOy5dIdtZ4rDveLqhrdJP+Li/Hx6tyK0NEb+2GCyneCMJiGqrADCSNk8sQ==",
      "requires": {
        "is-number": "^7.0.0"
      }
    },
    "tslib": {
      "version": "1.14.1",
      "resolved": "https://registry.npmjs.org/tslib/-/tslib-1.14.1.tgz",
      "integrity": "sha512-Xni35NKzjgMrwevysHTCArtLDpPvye8zV/0E4EyYn43P7/7qvQwPh9BGkHewbMulVntbigmcT7rdX3BNo9wRJg=="
    },
    "tsutils": {
      "version": "3.20.0",
      "resolved": "https://registry.npmjs.org/tsutils/-/tsutils-3.20.0.tgz",
      "integrity": "sha512-RYbuQuvkhuqVeXweWT3tJLKOEJ/UUw9GjNEZGWdrLLlM+611o1gwLHBpxoFJKKl25fLprp2eVthtKs5JOrNeXg==",
      "requires": {
        "tslib": "^1.8.1"
      }
    },
    "tunnel": {
      "version": "0.0.6",
      "resolved": "https://registry.npmjs.org/tunnel/-/tunnel-0.0.6.tgz",
      "integrity": "sha512-1h/Lnq9yajKY2PEbBadPXj3VxsDDu844OnaAo52UVmIzIvwwtBPIuNvkjuzBlTWpfJyUbG3ez0KSBibQkj4ojg=="
    },
    "typescript": {
      "version": "4.1.5",
      "resolved": "https://registry.npmjs.org/typescript/-/typescript-4.1.5.tgz",
      "integrity": "sha512-6OSu9PTIzmn9TCDiovULTnET6BgXtDYL4Gg4szY+cGsc3JP1dQL8qvE8kShTRx1NIw4Q9IBHlwODjkjWEtMUyA=="
    },
    "universal-user-agent": {
      "version": "6.0.0",
      "resolved": "https://registry.npmjs.org/universal-user-agent/-/universal-user-agent-6.0.0.tgz",
      "integrity": "sha512-isyNax3wXoKaulPDZWHQqbmIx1k2tb9fb3GGDBRxCscfYV2Ch7WxPArBsFEG8s/safwXTT7H4QGhaIkTp9447w=="
    },
    "wrappy": {
      "version": "1.0.2",
      "resolved": "https://registry.npmjs.org/wrappy/-/wrappy-1.0.2.tgz",
      "integrity": "sha1-tSQ9jz7BqjXxNkYFvA0QNuMKtp8="
    },
    "yallist": {
      "version": "4.0.0",
      "resolved": "https://registry.npmjs.org/yallist/-/yallist-4.0.0.tgz",
      "integrity": "sha512-3wdGidZyq5PB084XLES5TpOSRA3wjXAlIWMhum2kRcv/41Sn2emQ0dycQW4uZXLejwKvg6EsvbdlVL+FYEct7A=="
    }
  }
}
